// !$*UTF8*$!
{
	archiveVersion = 1;
	classes = {
	};
	objectVersion = 46;
	objects = {

/* Begin PBXBuildFile section */
		1AC6FB21180E996B004C840B /* libcocos2d Mac.a in Frameworks */ = {isa = PBXBuildFile; fileRef = 1AC6FAF9180E9839004C840B /* libcocos2d Mac.a */; };
		1AC6FB30180E99EB004C840B /* libcocos2d iOS.a in Frameworks */ = {isa = PBXBuildFile; fileRef = 1AC6FB07180E9839004C840B /* libcocos2d iOS.a */; };
		1D60589F0D05DD5A006BFB54 /* Foundation.framework in Frameworks */ = {isa = PBXBuildFile; fileRef = 1D30AB110D05D00D00671497 /* Foundation.framework */; };
		1DF5F4E00D08C38300B7A737 /* UIKit.framework in Frameworks */ = {isa = PBXBuildFile; fileRef = 1DF5F4DF0D08C38300B7A737 /* UIKit.framework */; };
		288765A50DF7441C002DB57D /* CoreGraphics.framework in Frameworks */ = {isa = PBXBuildFile; fileRef = 288765A40DF7441C002DB57D /* CoreGraphics.framework */; };
		3EACC98F19EE6D4300EB3C5E /* res in Resources */ = {isa = PBXBuildFile; fileRef = 3EACC98E19EE6D4300EB3C5E /* res */; };
		3EACC99019EE6D4300EB3C5E /* res in Resources */ = {isa = PBXBuildFile; fileRef = 3EACC98E19EE6D4300EB3C5E /* res */; };
		46880B8919C43A87006E1F66 /* AppDelegate.cpp in Sources */ = {isa = PBXBuildFile; fileRef = 46880B8419C43A87006E1F66 /* AppDelegate.cpp */; };
		503AE0F817EB97AB00D1A890 /* Icon.icns in Resources */ = {isa = PBXBuildFile; fileRef = 503AE0F617EB97AB00D1A890 /* Icon.icns */; };
		503AE10517EB98FF00D1A890 /* main.cpp in Sources */ = {isa = PBXBuildFile; fileRef = 503AE10317EB98FF00D1A890 /* main.cpp */; };
		503AE11B17EB9C5A00D1A890 /* IOKit.framework in Frameworks */ = {isa = PBXBuildFile; fileRef = 503AE11A17EB9C5A00D1A890 /* IOKit.framework */; };
		5087E76317EB910900C73F5D /* Foundation.framework in Frameworks */ = {isa = PBXBuildFile; fileRef = 1D30AB110D05D00D00671497 /* Foundation.framework */; };
		5087E76717EB910900C73F5D /* libz.dylib in Frameworks */ = {isa = PBXBuildFile; fileRef = BF170DB412928DE900B8313A /* libz.dylib */; };
		5087E76817EB910900C73F5D /* QuartzCore.framework in Frameworks */ = {isa = PBXBuildFile; fileRef = BF1C47EA1293683800B63C5D /* QuartzCore.framework */; };
		5087E76917EB910900C73F5D /* OpenAL.framework in Frameworks */ = {isa = PBXBuildFile; fileRef = D44C620B132DFF330009C878 /* OpenAL.framework */; };
		5087E76A17EB910900C73F5D /* AVFoundation.framework in Frameworks */ = {isa = PBXBuildFile; fileRef = D44C620D132DFF430009C878 /* AVFoundation.framework */; };
		5087E76B17EB910900C73F5D /* AudioToolbox.framework in Frameworks */ = {isa = PBXBuildFile; fileRef = D44C620F132DFF4E0009C878 /* AudioToolbox.framework */; };
		5087E77D17EB970100C73F5D /* Default-568h@2x.png in Resources */ = {isa = PBXBuildFile; fileRef = 5087E77217EB970100C73F5D /* Default-568h@2x.png */; };
		5087E77E17EB970100C73F5D /* Default.png in Resources */ = {isa = PBXBuildFile; fileRef = 5087E77317EB970100C73F5D /* Default.png */; };
		5087E77F17EB970100C73F5D /* Default@2x.png in Resources */ = {isa = PBXBuildFile; fileRef = 5087E77417EB970100C73F5D /* Default@2x.png */; };
		5087E78017EB970100C73F5D /* Icon-114.png in Resources */ = {isa = PBXBuildFile; fileRef = 5087E77517EB970100C73F5D /* Icon-114.png */; };
		5087E78117EB970100C73F5D /* Icon-120.png in Resources */ = {isa = PBXBuildFile; fileRef = 5087E77617EB970100C73F5D /* Icon-120.png */; };
		5087E78217EB970100C73F5D /* Icon-144.png in Resources */ = {isa = PBXBuildFile; fileRef = 5087E77717EB970100C73F5D /* Icon-144.png */; };
		5087E78317EB970100C73F5D /* Icon-152.png in Resources */ = {isa = PBXBuildFile; fileRef = 5087E77817EB970100C73F5D /* Icon-152.png */; };
		5087E78417EB970100C73F5D /* Icon-57.png in Resources */ = {isa = PBXBuildFile; fileRef = 5087E77917EB970100C73F5D /* Icon-57.png */; };
		5087E78517EB970100C73F5D /* Icon-72.png in Resources */ = {isa = PBXBuildFile; fileRef = 5087E77A17EB970100C73F5D /* Icon-72.png */; };
		5087E78617EB970100C73F5D /* Icon-76.png in Resources */ = {isa = PBXBuildFile; fileRef = 5087E77B17EB970100C73F5D /* Icon-76.png */; };
		5087E78917EB974C00C73F5D /* AppKit.framework in Frameworks */ = {isa = PBXBuildFile; fileRef = 5087E78817EB974C00C73F5D /* AppKit.framework */; };
		5087E78B17EB975400C73F5D /* OpenGL.framework in Frameworks */ = {isa = PBXBuildFile; fileRef = 5087E78A17EB975400C73F5D /* OpenGL.framework */; };
		50EF629617ECD46A001EB2F8 /* Icon-40.png in Resources */ = {isa = PBXBuildFile; fileRef = 50EF629217ECD46A001EB2F8 /* Icon-40.png */; };
		50EF629717ECD46A001EB2F8 /* Icon-58.png in Resources */ = {isa = PBXBuildFile; fileRef = 50EF629317ECD46A001EB2F8 /* Icon-58.png */; };
		50EF629817ECD46A001EB2F8 /* Icon-80.png in Resources */ = {isa = PBXBuildFile; fileRef = 50EF629417ECD46A001EB2F8 /* Icon-80.png */; };
		50EF629917ECD46A001EB2F8 /* Icon-100.png in Resources */ = {isa = PBXBuildFile; fileRef = 50EF629517ECD46A001EB2F8 /* Icon-100.png */; };
		50EF62A217ECD613001EB2F8 /* Icon-29.png in Resources */ = {isa = PBXBuildFile; fileRef = 50EF62A017ECD613001EB2F8 /* Icon-29.png */; };
		50EF62A317ECD613001EB2F8 /* Icon-50.png in Resources */ = {isa = PBXBuildFile; fileRef = 50EF62A117ECD613001EB2F8 /* Icon-50.png */; };
		521A8E6419F0C34300D177D7 /* Default-667h@2x.png in Resources */ = {isa = PBXBuildFile; fileRef = 521A8E6219F0C34300D177D7 /* Default-667h@2x.png */; };
		521A8E6519F0C34300D177D7 /* Default-736h@3x.png in Resources */ = {isa = PBXBuildFile; fileRef = 521A8E6319F0C34300D177D7 /* Default-736h@3x.png */; };
		521A8EA919F11F5000D177D7 /* fonts in Resources */ = {isa = PBXBuildFile; fileRef = 521A8EA819F11F5000D177D7 /* fonts */; };
		521A8EAA19F11F5000D177D7 /* fonts in Resources */ = {isa = PBXBuildFile; fileRef = 521A8EA819F11F5000D177D7 /* fonts */; };
		52B47A471A53D09C004E4C60 /* Security.framework in Frameworks */ = {isa = PBXBuildFile; fileRef = 52B47A461A53D09B004E4C60 /* Security.framework */; };
		8262943E1AAF051F00CB7CF7 /* Security.framework in Frameworks */ = {isa = PBXBuildFile; fileRef = 8262943D1AAF051F00CB7CF7 /* Security.framework */; };
		A40919DD1BCB30280009346B /* PlayerEntity.cpp in Sources */ = {isa = PBXBuildFile; fileRef = A40919DB1BCB30280009346B /* PlayerEntity.cpp */; };
		A40919DE1BCB30280009346B /* PlayerEntity.cpp in Sources */ = {isa = PBXBuildFile; fileRef = A40919DB1BCB30280009346B /* PlayerEntity.cpp */; };
		A40919E11BCB34B60009346B /* StoneEntity.cpp in Sources */ = {isa = PBXBuildFile; fileRef = A40919DF1BCB34B60009346B /* StoneEntity.cpp */; };
		A40919E21BCB34B60009346B /* StoneEntity.cpp in Sources */ = {isa = PBXBuildFile; fileRef = A40919DF1BCB34B60009346B /* StoneEntity.cpp */; };
		A40919E51BCFF3750009346B /* BrickEntity.cpp in Sources */ = {isa = PBXBuildFile; fileRef = A40919E31BCFF3750009346B /* BrickEntity.cpp */; };
		A40919E61BCFF3750009346B /* BrickEntity.cpp in Sources */ = {isa = PBXBuildFile; fileRef = A40919E31BCFF3750009346B /* BrickEntity.cpp */; };
		A40919EE1BD1CC7D0009346B /* GameStateManager.cpp in Sources */ = {isa = PBXBuildFile; fileRef = A40919EC1BD1CC7D0009346B /* GameStateManager.cpp */; };
		A40919EF1BD1CC7D0009346B /* GameStateManager.cpp in Sources */ = {isa = PBXBuildFile; fileRef = A40919EC1BD1CC7D0009346B /* GameStateManager.cpp */; };
		A40919F31BD1D1CC0009346B /* PlayingScene.cpp in Sources */ = {isa = PBXBuildFile; fileRef = A40919F11BD1D1CC0009346B /* PlayingScene.cpp */; };
		A40919F41BD1D1CC0009346B /* PlayingScene.cpp in Sources */ = {isa = PBXBuildFile; fileRef = A40919F11BD1D1CC0009346B /* PlayingScene.cpp */; };
		A40919F71BE2D4550009346B /* RenderComponent.cpp in Sources */ = {isa = PBXBuildFile; fileRef = A40919F61BE2D4550009346B /* RenderComponent.cpp */; };
		A40919F81BE2D4550009346B /* RenderComponent.cpp in Sources */ = {isa = PBXBuildFile; fileRef = A40919F61BE2D4550009346B /* RenderComponent.cpp */; };
		A4640B3B1BE655AC00C235F7 /* AnimationComponent.cpp in Sources */ = {isa = PBXBuildFile; fileRef = A4640B391BE655AC00C235F7 /* AnimationComponent.cpp */; };
		A4640B3C1BE655AC00C235F7 /* AnimationComponent.cpp in Sources */ = {isa = PBXBuildFile; fileRef = A4640B391BE655AC00C235F7 /* AnimationComponent.cpp */; };
		A4EBA6BA1BC45EC1001F8DC8 /* RangedAttackController.cpp in Sources */ = {isa = PBXBuildFile; fileRef = A4EBA6B81BC45EC1001F8DC8 /* RangedAttackController.cpp */; };
		A4EBA6BB1BC45EC1001F8DC8 /* RangedAttackController.cpp in Sources */ = {isa = PBXBuildFile; fileRef = A4EBA6B81BC45EC1001F8DC8 /* RangedAttackController.cpp */; };
		A4EBA6CF1BC8F76C001F8DC8 /* JumpingComponent.cpp in Sources */ = {isa = PBXBuildFile; fileRef = A4EBA6CE1BC8F76C001F8DC8 /* JumpingComponent.cpp */; };
		A4EBA6D01BC8F76C001F8DC8 /* JumpingComponent.cpp in Sources */ = {isa = PBXBuildFile; fileRef = A4EBA6CE1BC8F76C001F8DC8 /* JumpingComponent.cpp */; };
		A4EBA6D21BC8FED9001F8DC8 /* MainComponent.cpp in Sources */ = {isa = PBXBuildFile; fileRef = A4EBA6D11BC8FED9001F8DC8 /* MainComponent.cpp */; };
		A4EBA6D31BC8FED9001F8DC8 /* MainComponent.cpp in Sources */ = {isa = PBXBuildFile; fileRef = A4EBA6D11BC8FED9001F8DC8 /* MainComponent.cpp */; };
		BF171245129291EC00B8313A /* OpenGLES.framework in Frameworks */ = {isa = PBXBuildFile; fileRef = BF170DB012928DE900B8313A /* OpenGLES.framework */; };
		BF1712471292920000B8313A /* libz.dylib in Frameworks */ = {isa = PBXBuildFile; fileRef = BF170DB412928DE900B8313A /* libz.dylib */; };
		BF1C47F01293687400B63C5D /* QuartzCore.framework in Frameworks */ = {isa = PBXBuildFile; fileRef = BF1C47EA1293683800B63C5D /* QuartzCore.framework */; };
		D43B387A1BF28F0F002B2C52 /* spine in Resources */ = {isa = PBXBuildFile; fileRef = D43B38791BF28F0F002B2C52 /* spine */; };
		D43EC5CD1BD6915E0083A084 /* DndComponent.cpp in Sources */ = {isa = PBXBuildFile; fileRef = D43EC5CB1BD6915E0083A084 /* DndComponent.cpp */; };
		D43EC5CE1BD6915E0083A084 /* DndComponent.cpp in Sources */ = {isa = PBXBuildFile; fileRef = D43EC5CB1BD6915E0083A084 /* DndComponent.cpp */; };
		D43EC5D11BD691BF0083A084 /* DndController.cpp in Sources */ = {isa = PBXBuildFile; fileRef = D43EC5CF1BD691BF0083A084 /* DndController.cpp */; };
		D43EC5D21BD691BF0083A084 /* DndController.cpp in Sources */ = {isa = PBXBuildFile; fileRef = D43EC5CF1BD691BF0083A084 /* DndController.cpp */; };
		D43EC5D31BD70A1C0083A084 /* DropComponent.h in Sources */ = {isa = PBXBuildFile; fileRef = D43EC5C81BD6910F0083A084 /* DropComponent.h */; };
		D44C620C132DFF330009C878 /* OpenAL.framework in Frameworks */ = {isa = PBXBuildFile; fileRef = D44C620B132DFF330009C878 /* OpenAL.framework */; };
		D44C620E132DFF430009C878 /* AVFoundation.framework in Frameworks */ = {isa = PBXBuildFile; fileRef = D44C620D132DFF430009C878 /* AVFoundation.framework */; };
		D44C6210132DFF4E0009C878 /* AudioToolbox.framework in Frameworks */ = {isa = PBXBuildFile; fileRef = D44C620F132DFF4E0009C878 /* AudioToolbox.framework */; };
		D47BEB7B1BC452C500474F2F /* CollisionController.cpp in Sources */ = {isa = PBXBuildFile; fileRef = D47BEB791BC452C500474F2F /* CollisionController.cpp */; };
		D47BEB7C1BC452C500474F2F /* CollisionController.cpp in Sources */ = {isa = PBXBuildFile; fileRef = D47BEB791BC452C500474F2F /* CollisionController.cpp */; };
		D6B0611B1803AB670077942B /* CoreMotion.framework in Frameworks */ = {isa = PBXBuildFile; fileRef = D6B0611A1803AB670077942B /* CoreMotion.framework */; };
		ED545A7C1B68A1F400C3958E /* libiconv.dylib in Frameworks */ = {isa = PBXBuildFile; fileRef = ED545A7B1B68A1F400C3958E /* libiconv.dylib */; };
		ED545A7E1B68A1FA00C3958E /* libiconv.dylib in Frameworks */ = {isa = PBXBuildFile; fileRef = ED545A7D1B68A1FA00C3958E /* libiconv.dylib */; };
		FD1B17761BC3E3930015E684 /* EntityManager.cpp in Sources */ = {isa = PBXBuildFile; fileRef = D45909321BB4C72F00D43BD5 /* EntityManager.cpp */; };
		FD1B17771BC3E3930015E684 /* EntityManager.h in Sources */ = {isa = PBXBuildFile; fileRef = D45909331BB4C72F00D43BD5 /* EntityManager.h */; };
		FD1B177B1BC3E3930015E684 /* RenderComponent.h in Sources */ = {isa = PBXBuildFile; fileRef = D45909551BB77A3C00D43BD5 /* RenderComponent.h */; };
		FD1B177F1BC3E3930015E684 /* ControlsComponent.h in Sources */ = {isa = PBXBuildFile; fileRef = D45909641BB864A500D43BD5 /* ControlsComponent.h */; };
		FD1B17811BC3E3930015E684 /* MainComponent.h in Sources */ = {isa = PBXBuildFile; fileRef = D459093B1BB4C8F400D43BD5 /* MainComponent.h */; };
		FD1B17831BC3E3930015E684 /* PositionComponent.h in Sources */ = {isa = PBXBuildFile; fileRef = FD1B176B1BC3D3850015E684 /* PositionComponent.h */; };
		FD1B17851BC3E3930015E684 /* MotionComponent.h in Sources */ = {isa = PBXBuildFile; fileRef = FD1B176E1BC3D3AA0015E684 /* MotionComponent.h */; };
		FD1B17871BC3E3930015E684 /* GravityComponent.h in Sources */ = {isa = PBXBuildFile; fileRef = FD1B17711BC3D3C70015E684 /* GravityComponent.h */; };
		FD1B17881BC3E3930015E684 /* ImageStorage.cpp in Sources */ = {isa = PBXBuildFile; fileRef = D459094D1BB6C69E00D43BD5 /* ImageStorage.cpp */; };
		FD1B17891BC3E3930015E684 /* ImageStorage.h in Sources */ = {isa = PBXBuildFile; fileRef = D459094E1BB6C69E00D43BD5 /* ImageStorage.h */; };
		FD1B178A1BC3E3930015E684 /* MapStorage.cpp in Sources */ = {isa = PBXBuildFile; fileRef = D476D0FE1BBF52D300762A8A /* MapStorage.cpp */; };
		FD1B178B1BC3E3930015E684 /* MapStorage.h in Sources */ = {isa = PBXBuildFile; fileRef = D476D0FF1BBF52D300762A8A /* MapStorage.h */; };
		FD1B178E1BC3E3930015E684 /* UserActionsController.cpp in Sources */ = {isa = PBXBuildFile; fileRef = D45909601BB8623800D43BD5 /* UserActionsController.cpp */; };
		FD1B178F1BC3E3930015E684 /* UserActionsController.h in Sources */ = {isa = PBXBuildFile; fileRef = D45909611BB8623800D43BD5 /* UserActionsController.h */; };
		FD1B17901BC3E3930015E684 /* RenderController.cpp in Sources */ = {isa = PBXBuildFile; fileRef = D45909571BB7817700D43BD5 /* RenderController.cpp */; };
		FD1B17911BC3E3930015E684 /* RenderController.h in Sources */ = {isa = PBXBuildFile; fileRef = D45909581BB7817700D43BD5 /* RenderController.h */; };
		FD1B17921BC3E3930015E684 /* MotionController.cpp in Sources */ = {isa = PBXBuildFile; fileRef = FD1B17731BC3D7910015E684 /* MotionController.cpp */; };
		FD1B17931BC3E3930015E684 /* MotionController.h in Sources */ = {isa = PBXBuildFile; fileRef = FD1B17741BC3D7910015E684 /* MotionController.h */; };
		FD1B17941BC3E3930015E684 /* AppDelegate.cpp in Sources */ = {isa = PBXBuildFile; fileRef = 46880B8419C43A87006E1F66 /* AppDelegate.cpp */; };
		FD1B17951BC3E3930015E684 /* AppDelegate.h in Sources */ = {isa = PBXBuildFile; fileRef = 46880B8519C43A87006E1F66 /* AppDelegate.h */; };
		FD1B1C5E1BC3F6B70015E684 /* MotionController.cpp in Sources */ = {isa = PBXBuildFile; fileRef = FD1B17731BC3D7910015E684 /* MotionController.cpp */; };
		FD1B1C5F1BC3F6BB0015E684 /* RenderController.cpp in Sources */ = {isa = PBXBuildFile; fileRef = D45909571BB7817700D43BD5 /* RenderController.cpp */; };
		FD1B1C601BC3F6C00015E684 /* UserActionsController.cpp in Sources */ = {isa = PBXBuildFile; fileRef = D45909601BB8623800D43BD5 /* UserActionsController.cpp */; };
		FD1B1C621BC3F6C70015E684 /* MapStorage.cpp in Sources */ = {isa = PBXBuildFile; fileRef = D476D0FE1BBF52D300762A8A /* MapStorage.cpp */; };
		FD1B1C631BC3F6CA0015E684 /* ImageStorage.cpp in Sources */ = {isa = PBXBuildFile; fileRef = D459094D1BB6C69E00D43BD5 /* ImageStorage.cpp */; };
		FD1B1C6C1BC3F6E20015E684 /* EntityManager.cpp in Sources */ = {isa = PBXBuildFile; fileRef = D45909321BB4C72F00D43BD5 /* EntityManager.cpp */; };
/* End PBXBuildFile section */

/* Begin PBXContainerItemProxy section */
		1AC6FAF8180E9839004C840B /* PBXContainerItemProxy */ = {
			isa = PBXContainerItemProxy;
			containerPortal = 1AC6FAE5180E9839004C840B /* cocos2d_libs.xcodeproj */;
			proxyType = 2;
			remoteGlobalIDString = 1551A33F158F2AB200E66CFE;
			remoteInfo = "cocos2dx Mac";
		};
		1AC6FB06180E9839004C840B /* PBXContainerItemProxy */ = {
			isa = PBXContainerItemProxy;
			containerPortal = 1AC6FAE5180E9839004C840B /* cocos2d_libs.xcodeproj */;
			proxyType = 2;
			remoteGlobalIDString = A07A4D641783777C0073F6A7;
			remoteInfo = "cocos2dx iOS";
		};
		1AC6FB15180E9959004C840B /* PBXContainerItemProxy */ = {
			isa = PBXContainerItemProxy;
			containerPortal = 1AC6FAE5180E9839004C840B /* cocos2d_libs.xcodeproj */;
			proxyType = 1;
			remoteGlobalIDString = 1551A33E158F2AB200E66CFE;
			remoteInfo = "cocos2dx Mac";
		};
		1AC6FB24180E99E1004C840B /* PBXContainerItemProxy */ = {
			isa = PBXContainerItemProxy;
			containerPortal = 1AC6FAE5180E9839004C840B /* cocos2d_libs.xcodeproj */;
			proxyType = 1;
			remoteGlobalIDString = A07A4C241783777C0073F6A7;
			remoteInfo = "cocos2dx iOS";
		};
/* End PBXContainerItemProxy section */

/* Begin PBXFileReference section */
		1AC6FAE5180E9839004C840B /* cocos2d_libs.xcodeproj */ = {isa = PBXFileReference; lastKnownFileType = "wrapper.pb-project"; name = cocos2d_libs.xcodeproj; path = ../cocos2d/build/cocos2d_libs.xcodeproj; sourceTree = "<group>"; };
		1ACB3243164770DE00914215 /* libcurl.a */ = {isa = PBXFileReference; lastKnownFileType = archive.ar; name = libcurl.a; path = ../../cocos2dx/platform/third_party/ios/libraries/libcurl.a; sourceTree = "<group>"; };
		1D30AB110D05D00D00671497 /* Foundation.framework */ = {isa = PBXFileReference; lastKnownFileType = wrapper.framework; name = Foundation.framework; path = System/Library/Frameworks/Foundation.framework; sourceTree = SDKROOT; };
		1D6058910D05DD3D006BFB54 /* cppTests-mobile.app */ = {isa = PBXFileReference; explicitFileType = wrapper.application; includeInIndex = 0; path = "cppTests-mobile.app"; sourceTree = BUILT_PRODUCTS_DIR; };
		1DF5F4DF0D08C38300B7A737 /* UIKit.framework */ = {isa = PBXFileReference; lastKnownFileType = wrapper.framework; name = UIKit.framework; path = System/Library/Frameworks/UIKit.framework; sourceTree = SDKROOT; };
		288765A40DF7441C002DB57D /* CoreGraphics.framework */ = {isa = PBXFileReference; lastKnownFileType = wrapper.framework; name = CoreGraphics.framework; path = System/Library/Frameworks/CoreGraphics.framework; sourceTree = SDKROOT; };
		3EACC98E19EE6D4300EB3C5E /* res */ = {isa = PBXFileReference; lastKnownFileType = folder; path = res; sourceTree = "<group>"; };
		46880B8419C43A87006E1F66 /* AppDelegate.cpp */ = {isa = PBXFileReference; fileEncoding = 4; lastKnownFileType = sourcecode.cpp.cpp; path = AppDelegate.cpp; sourceTree = "<group>"; };
		46880B8519C43A87006E1F66 /* AppDelegate.h */ = {isa = PBXFileReference; fileEncoding = 4; lastKnownFileType = sourcecode.c.h; path = AppDelegate.h; sourceTree = "<group>"; };
		503AE0F617EB97AB00D1A890 /* Icon.icns */ = {isa = PBXFileReference; lastKnownFileType = image.icns; path = Icon.icns; sourceTree = "<group>"; };
		503AE0F717EB97AB00D1A890 /* Info.plist */ = {isa = PBXFileReference; fileEncoding = 4; lastKnownFileType = text.plist.xml; path = Info.plist; sourceTree = "<group>"; };
		503AE0FA17EB989F00D1A890 /* AppController.h */ = {isa = PBXFileReference; fileEncoding = 4; lastKnownFileType = sourcecode.c.h; name = AppController.h; path = ios/AppController.h; sourceTree = SOURCE_ROOT; };
		503AE0FB17EB989F00D1A890 /* AppController.mm */ = {isa = PBXFileReference; fileEncoding = 4; lastKnownFileType = sourcecode.cpp.objcpp; name = AppController.mm; path = ios/AppController.mm; sourceTree = SOURCE_ROOT; };
		503AE0FC17EB989F00D1A890 /* main.m */ = {isa = PBXFileReference; fileEncoding = 4; lastKnownFileType = sourcecode.c.objc; name = main.m; path = ios/main.m; sourceTree = SOURCE_ROOT; };
		503AE0FD17EB989F00D1A890 /* Prefix.pch */ = {isa = PBXFileReference; fileEncoding = 4; lastKnownFileType = sourcecode.c.h; name = Prefix.pch; path = ios/Prefix.pch; sourceTree = SOURCE_ROOT; };
		503AE0FE17EB989F00D1A890 /* RootViewController.h */ = {isa = PBXFileReference; fileEncoding = 4; lastKnownFileType = sourcecode.c.h; name = RootViewController.h; path = ios/RootViewController.h; sourceTree = SOURCE_ROOT; };
		503AE0FF17EB989F00D1A890 /* RootViewController.mm */ = {isa = PBXFileReference; fileEncoding = 4; lastKnownFileType = sourcecode.cpp.objcpp; name = RootViewController.mm; path = ios/RootViewController.mm; sourceTree = SOURCE_ROOT; };
		503AE10317EB98FF00D1A890 /* main.cpp */ = {isa = PBXFileReference; fileEncoding = 4; lastKnownFileType = sourcecode.cpp.cpp; name = main.cpp; path = mac/main.cpp; sourceTree = "<group>"; };
		503AE10417EB98FF00D1A890 /* Prefix.pch */ = {isa = PBXFileReference; fileEncoding = 4; lastKnownFileType = sourcecode.c.h; name = Prefix.pch; path = mac/Prefix.pch; sourceTree = "<group>"; };
		503AE11117EB99EE00D1A890 /* libcurl.dylib */ = {isa = PBXFileReference; lastKnownFileType = "compiled.mach-o.dylib"; name = libcurl.dylib; path = usr/lib/libcurl.dylib; sourceTree = SDKROOT; };
		503AE11A17EB9C5A00D1A890 /* IOKit.framework */ = {isa = PBXFileReference; lastKnownFileType = wrapper.framework; name = IOKit.framework; path = System/Library/Frameworks/IOKit.framework; sourceTree = SDKROOT; };
		5087E76F17EB910900C73F5D /* cppTests-desktop.app */ = {isa = PBXFileReference; explicitFileType = wrapper.application; includeInIndex = 0; path = "cppTests-desktop.app"; sourceTree = BUILT_PRODUCTS_DIR; };
		5087E77217EB970100C73F5D /* Default-568h@2x.png */ = {isa = PBXFileReference; lastKnownFileType = image.png; path = "Default-568h@2x.png"; sourceTree = "<group>"; };
		5087E77317EB970100C73F5D /* Default.png */ = {isa = PBXFileReference; lastKnownFileType = image.png; path = Default.png; sourceTree = "<group>"; };
		5087E77417EB970100C73F5D /* Default@2x.png */ = {isa = PBXFileReference; lastKnownFileType = image.png; path = "Default@2x.png"; sourceTree = "<group>"; };
		5087E77517EB970100C73F5D /* Icon-114.png */ = {isa = PBXFileReference; lastKnownFileType = image.png; path = "Icon-114.png"; sourceTree = "<group>"; };
		5087E77617EB970100C73F5D /* Icon-120.png */ = {isa = PBXFileReference; lastKnownFileType = image.png; path = "Icon-120.png"; sourceTree = "<group>"; };
		5087E77717EB970100C73F5D /* Icon-144.png */ = {isa = PBXFileReference; lastKnownFileType = image.png; path = "Icon-144.png"; sourceTree = "<group>"; };
		5087E77817EB970100C73F5D /* Icon-152.png */ = {isa = PBXFileReference; lastKnownFileType = image.png; path = "Icon-152.png"; sourceTree = "<group>"; };
		5087E77917EB970100C73F5D /* Icon-57.png */ = {isa = PBXFileReference; lastKnownFileType = image.png; path = "Icon-57.png"; sourceTree = "<group>"; };
		5087E77A17EB970100C73F5D /* Icon-72.png */ = {isa = PBXFileReference; lastKnownFileType = image.png; path = "Icon-72.png"; sourceTree = "<group>"; };
		5087E77B17EB970100C73F5D /* Icon-76.png */ = {isa = PBXFileReference; lastKnownFileType = image.png; path = "Icon-76.png"; sourceTree = "<group>"; };
		5087E77C17EB970100C73F5D /* Info.plist */ = {isa = PBXFileReference; fileEncoding = 4; lastKnownFileType = text.plist.xml; path = Info.plist; sourceTree = "<group>"; };
		5087E78817EB974C00C73F5D /* AppKit.framework */ = {isa = PBXFileReference; lastKnownFileType = wrapper.framework; name = AppKit.framework; path = System/Library/Frameworks/AppKit.framework; sourceTree = SDKROOT; };
		5087E78A17EB975400C73F5D /* OpenGL.framework */ = {isa = PBXFileReference; lastKnownFileType = wrapper.framework; name = OpenGL.framework; path = System/Library/Frameworks/OpenGL.framework; sourceTree = SDKROOT; };
		50EF629217ECD46A001EB2F8 /* Icon-40.png */ = {isa = PBXFileReference; lastKnownFileType = image.png; path = "Icon-40.png"; sourceTree = "<group>"; };
		50EF629317ECD46A001EB2F8 /* Icon-58.png */ = {isa = PBXFileReference; lastKnownFileType = image.png; path = "Icon-58.png"; sourceTree = "<group>"; };
		50EF629417ECD46A001EB2F8 /* Icon-80.png */ = {isa = PBXFileReference; lastKnownFileType = image.png; path = "Icon-80.png"; sourceTree = "<group>"; };
		50EF629517ECD46A001EB2F8 /* Icon-100.png */ = {isa = PBXFileReference; lastKnownFileType = image.png; path = "Icon-100.png"; sourceTree = "<group>"; };
		50EF62A017ECD613001EB2F8 /* Icon-29.png */ = {isa = PBXFileReference; lastKnownFileType = image.png; path = "Icon-29.png"; sourceTree = "<group>"; };
		50EF62A117ECD613001EB2F8 /* Icon-50.png */ = {isa = PBXFileReference; lastKnownFileType = image.png; path = "Icon-50.png"; sourceTree = "<group>"; };
		521A8E6219F0C34300D177D7 /* Default-667h@2x.png */ = {isa = PBXFileReference; lastKnownFileType = image.png; path = "Default-667h@2x.png"; sourceTree = "<group>"; };
		521A8E6319F0C34300D177D7 /* Default-736h@3x.png */ = {isa = PBXFileReference; lastKnownFileType = image.png; path = "Default-736h@3x.png"; sourceTree = "<group>"; };
		521A8EA819F11F5000D177D7 /* fonts */ = {isa = PBXFileReference; lastKnownFileType = folder; path = fonts; sourceTree = "<group>"; };
		52B47A461A53D09B004E4C60 /* Security.framework */ = {isa = PBXFileReference; lastKnownFileType = wrapper.framework; name = Security.framework; path = Platforms/iPhoneOS.platform/Developer/SDKs/iPhoneOS8.1.sdk/System/Library/Frameworks/Security.framework; sourceTree = DEVELOPER_DIR; };
		8262943D1AAF051F00CB7CF7 /* Security.framework */ = {isa = PBXFileReference; lastKnownFileType = wrapper.framework; name = Security.framework; path = System/Library/Frameworks/Security.framework; sourceTree = SDKROOT; };
		A40919DB1BCB30280009346B /* PlayerEntity.cpp */ = {isa = PBXFileReference; fileEncoding = 4; lastKnownFileType = sourcecode.cpp.cpp; path = PlayerEntity.cpp; sourceTree = "<group>"; };
		A40919DC1BCB30280009346B /* PlayerEntity.h */ = {isa = PBXFileReference; fileEncoding = 4; lastKnownFileType = sourcecode.c.h; path = PlayerEntity.h; sourceTree = "<group>"; };
		A40919DF1BCB34B60009346B /* StoneEntity.cpp */ = {isa = PBXFileReference; fileEncoding = 4; lastKnownFileType = sourcecode.cpp.cpp; path = StoneEntity.cpp; sourceTree = "<group>"; };
		A40919E01BCB34B60009346B /* StoneEntity.h */ = {isa = PBXFileReference; fileEncoding = 4; lastKnownFileType = sourcecode.c.h; path = StoneEntity.h; sourceTree = "<group>"; };
		A40919E31BCFF3750009346B /* BrickEntity.cpp */ = {isa = PBXFileReference; fileEncoding = 4; lastKnownFileType = sourcecode.cpp.cpp; path = BrickEntity.cpp; sourceTree = "<group>"; };
		A40919E41BCFF3750009346B /* BrickEntity.h */ = {isa = PBXFileReference; fileEncoding = 4; lastKnownFileType = sourcecode.c.h; path = BrickEntity.h; sourceTree = "<group>"; };
		A40919EC1BD1CC7D0009346B /* GameStateManager.cpp */ = {isa = PBXFileReference; fileEncoding = 4; lastKnownFileType = sourcecode.cpp.cpp; path = GameStateManager.cpp; sourceTree = "<group>"; };
		A40919ED1BD1CC7D0009346B /* GameStateManager.h */ = {isa = PBXFileReference; fileEncoding = 4; lastKnownFileType = sourcecode.c.h; path = GameStateManager.h; sourceTree = "<group>"; };
		A40919F11BD1D1CC0009346B /* PlayingScene.cpp */ = {isa = PBXFileReference; fileEncoding = 4; lastKnownFileType = sourcecode.cpp.cpp; path = PlayingScene.cpp; sourceTree = "<group>"; };
		A40919F21BD1D1CC0009346B /* PlayingScene.h */ = {isa = PBXFileReference; fileEncoding = 4; lastKnownFileType = sourcecode.c.h; path = PlayingScene.h; sourceTree = "<group>"; };
		A40919F61BE2D4550009346B /* RenderComponent.cpp */ = {isa = PBXFileReference; fileEncoding = 4; lastKnownFileType = sourcecode.cpp.cpp; path = RenderComponent.cpp; sourceTree = "<group>"; };
		A4640B391BE655AC00C235F7 /* AnimationComponent.cpp */ = {isa = PBXFileReference; fileEncoding = 4; lastKnownFileType = sourcecode.cpp.cpp; path = AnimationComponent.cpp; sourceTree = "<group>"; };
		A4640B3A1BE655AC00C235F7 /* AnimationComponent.h */ = {isa = PBXFileReference; fileEncoding = 4; lastKnownFileType = sourcecode.c.h; path = AnimationComponent.h; sourceTree = "<group>"; };
		A4EBA6B51BC44F34001F8DC8 /* RangedAttackComponent.h */ = {isa = PBXFileReference; fileEncoding = 4; lastKnownFileType = sourcecode.c.h; path = RangedAttackComponent.h; sourceTree = "<group>"; };
		A4EBA6B81BC45EC1001F8DC8 /* RangedAttackController.cpp */ = {isa = PBXFileReference; fileEncoding = 4; lastKnownFileType = sourcecode.cpp.cpp; path = RangedAttackController.cpp; sourceTree = "<group>"; };
		A4EBA6B91BC45EC1001F8DC8 /* RangedAttackController.h */ = {isa = PBXFileReference; fileEncoding = 4; lastKnownFileType = sourcecode.c.h; path = RangedAttackController.h; sourceTree = "<group>"; };
		A4EBA6CB1BC709B8001F8DC8 /* State.h */ = {isa = PBXFileReference; fileEncoding = 4; lastKnownFileType = sourcecode.c.h; path = State.h; sourceTree = "<group>"; };
		A4EBA6CE1BC8F76C001F8DC8 /* JumpingComponent.cpp */ = {isa = PBXFileReference; fileEncoding = 4; lastKnownFileType = sourcecode.cpp.cpp; path = JumpingComponent.cpp; sourceTree = "<group>"; };
		A4EBA6D11BC8FED9001F8DC8 /* MainComponent.cpp */ = {isa = PBXFileReference; fileEncoding = 4; lastKnownFileType = sourcecode.cpp.cpp; path = MainComponent.cpp; sourceTree = "<group>"; };
		BF170DB012928DE900B8313A /* OpenGLES.framework */ = {isa = PBXFileReference; lastKnownFileType = wrapper.framework; name = OpenGLES.framework; path = System/Library/Frameworks/OpenGLES.framework; sourceTree = SDKROOT; };
		BF170DB412928DE900B8313A /* libz.dylib */ = {isa = PBXFileReference; lastKnownFileType = "compiled.mach-o.dylib"; name = libz.dylib; path = usr/lib/libz.dylib; sourceTree = SDKROOT; };
		BF1C47EA1293683800B63C5D /* QuartzCore.framework */ = {isa = PBXFileReference; lastKnownFileType = wrapper.framework; name = QuartzCore.framework; path = System/Library/Frameworks/QuartzCore.framework; sourceTree = SDKROOT; };
		D43B38791BF28F0F002B2C52 /* spine */ = {isa = PBXFileReference; lastKnownFileType = folder; name = spine; path = ../Classes/spine; sourceTree = "<group>"; };
		D43EC5C41BD690380083A084 /* DragComponent.h */ = {isa = PBXFileReference; fileEncoding = 4; lastKnownFileType = sourcecode.c.h; path = DragComponent.h; sourceTree = "<group>"; };
		D43EC5C81BD6910F0083A084 /* DropComponent.h */ = {isa = PBXFileReference; fileEncoding = 4; lastKnownFileType = sourcecode.c.h; path = DropComponent.h; sourceTree = "<group>"; };
		D43EC5CB1BD6915E0083A084 /* DndComponent.cpp */ = {isa = PBXFileReference; fileEncoding = 4; lastKnownFileType = sourcecode.cpp.cpp; path = DndComponent.cpp; sourceTree = "<group>"; };
		D43EC5CC1BD6915E0083A084 /* DndComponent.h */ = {isa = PBXFileReference; fileEncoding = 4; lastKnownFileType = sourcecode.c.h; path = DndComponent.h; sourceTree = "<group>"; };
		D43EC5CF1BD691BF0083A084 /* DndController.cpp */ = {isa = PBXFileReference; fileEncoding = 4; lastKnownFileType = sourcecode.cpp.cpp; path = DndController.cpp; sourceTree = "<group>"; };
		D43EC5D01BD691BF0083A084 /* DndController.h */ = {isa = PBXFileReference; fileEncoding = 4; lastKnownFileType = sourcecode.c.h; path = DndController.h; sourceTree = "<group>"; };
		D44C620B132DFF330009C878 /* OpenAL.framework */ = {isa = PBXFileReference; lastKnownFileType = wrapper.framework; name = OpenAL.framework; path = System/Library/Frameworks/OpenAL.framework; sourceTree = SDKROOT; };
		D44C620D132DFF430009C878 /* AVFoundation.framework */ = {isa = PBXFileReference; lastKnownFileType = wrapper.framework; name = AVFoundation.framework; path = System/Library/Frameworks/AVFoundation.framework; sourceTree = SDKROOT; };
		D44C620F132DFF4E0009C878 /* AudioToolbox.framework */ = {isa = PBXFileReference; lastKnownFileType = wrapper.framework; name = AudioToolbox.framework; path = System/Library/Frameworks/AudioToolbox.framework; sourceTree = SDKROOT; };
		D45909321BB4C72F00D43BD5 /* EntityManager.cpp */ = {isa = PBXFileReference; fileEncoding = 4; lastKnownFileType = sourcecode.cpp.cpp; path = EntityManager.cpp; sourceTree = "<group>"; };
		D45909331BB4C72F00D43BD5 /* EntityManager.h */ = {isa = PBXFileReference; fileEncoding = 4; lastKnownFileType = sourcecode.c.h; path = EntityManager.h; sourceTree = "<group>"; };
		D459093B1BB4C8F400D43BD5 /* MainComponent.h */ = {isa = PBXFileReference; fileEncoding = 4; lastKnownFileType = sourcecode.c.h; path = MainComponent.h; sourceTree = "<group>"; };
		D459094B1BB6AEC500D43BD5 /* Entity.h */ = {isa = PBXFileReference; fileEncoding = 4; lastKnownFileType = sourcecode.c.h; path = Entity.h; sourceTree = "<group>"; };
		D459094D1BB6C69E00D43BD5 /* ImageStorage.cpp */ = {isa = PBXFileReference; fileEncoding = 4; lastKnownFileType = sourcecode.cpp.cpp; path = ImageStorage.cpp; sourceTree = "<group>"; };
		D459094E1BB6C69E00D43BD5 /* ImageStorage.h */ = {isa = PBXFileReference; fileEncoding = 4; lastKnownFileType = sourcecode.c.h; path = ImageStorage.h; sourceTree = "<group>"; };
		D45909551BB77A3C00D43BD5 /* RenderComponent.h */ = {isa = PBXFileReference; fileEncoding = 4; lastKnownFileType = sourcecode.c.h; path = RenderComponent.h; sourceTree = "<group>"; };
		D45909571BB7817700D43BD5 /* RenderController.cpp */ = {isa = PBXFileReference; fileEncoding = 4; lastKnownFileType = sourcecode.cpp.cpp; path = RenderController.cpp; sourceTree = "<group>"; };
		D45909581BB7817700D43BD5 /* RenderController.h */ = {isa = PBXFileReference; fileEncoding = 4; lastKnownFileType = sourcecode.c.h; path = RenderController.h; sourceTree = "<group>"; };
		D45909601BB8623800D43BD5 /* UserActionsController.cpp */ = {isa = PBXFileReference; fileEncoding = 4; lastKnownFileType = sourcecode.cpp.cpp; path = UserActionsController.cpp; sourceTree = "<group>"; };
		D45909611BB8623800D43BD5 /* UserActionsController.h */ = {isa = PBXFileReference; fileEncoding = 4; lastKnownFileType = sourcecode.c.h; path = UserActionsController.h; sourceTree = "<group>"; };
		D45909641BB864A500D43BD5 /* ControlsComponent.h */ = {isa = PBXFileReference; fileEncoding = 4; lastKnownFileType = sourcecode.c.h; path = ControlsComponent.h; sourceTree = "<group>"; };
		D476D0FE1BBF52D300762A8A /* MapStorage.cpp */ = {isa = PBXFileReference; fileEncoding = 4; lastKnownFileType = sourcecode.cpp.cpp; path = MapStorage.cpp; sourceTree = "<group>"; };
		D476D0FF1BBF52D300762A8A /* MapStorage.h */ = {isa = PBXFileReference; fileEncoding = 4; lastKnownFileType = sourcecode.c.h; path = MapStorage.h; sourceTree = "<group>"; };
		D47BEB721BC4523B00474F2F /* ActiveCollisionComponent.h */ = {isa = PBXFileReference; fileEncoding = 4; lastKnownFileType = sourcecode.c.h; path = ActiveCollisionComponent.h; sourceTree = "<group>"; };
		D47BEB761BC4529B00474F2F /* PassiveCollisionComponent.h */ = {isa = PBXFileReference; fileEncoding = 4; lastKnownFileType = sourcecode.c.h; path = PassiveCollisionComponent.h; sourceTree = "<group>"; };
		D47BEB791BC452C500474F2F /* CollisionController.cpp */ = {isa = PBXFileReference; fileEncoding = 4; lastKnownFileType = sourcecode.cpp.cpp; path = CollisionController.cpp; sourceTree = "<group>"; };
		D47BEB7A1BC452C500474F2F /* CollisionController.h */ = {isa = PBXFileReference; fileEncoding = 4; lastKnownFileType = sourcecode.c.h; path = CollisionController.h; sourceTree = "<group>"; };
		D6B0611A1803AB670077942B /* CoreMotion.framework */ = {isa = PBXFileReference; lastKnownFileType = wrapper.framework; name = CoreMotion.framework; path = Platforms/iPhoneOS.platform/Developer/SDKs/iPhoneOS7.0.sdk/System/Library/Frameworks/CoreMotion.framework; sourceTree = DEVELOPER_DIR; };
		ED545A7B1B68A1F400C3958E /* libiconv.dylib */ = {isa = PBXFileReference; lastKnownFileType = "compiled.mach-o.dylib"; name = libiconv.dylib; path = Platforms/iPhoneOS.platform/Developer/SDKs/iPhoneOS8.4.sdk/usr/lib/libiconv.dylib; sourceTree = DEVELOPER_DIR; };
		ED545A7D1B68A1FA00C3958E /* libiconv.dylib */ = {isa = PBXFileReference; lastKnownFileType = "compiled.mach-o.dylib"; name = libiconv.dylib; path = usr/lib/libiconv.dylib; sourceTree = SDKROOT; };
		FD1B176B1BC3D3850015E684 /* PositionComponent.h */ = {isa = PBXFileReference; fileEncoding = 4; lastKnownFileType = sourcecode.c.h; path = PositionComponent.h; sourceTree = "<group>"; };
		FD1B176E1BC3D3AA0015E684 /* MotionComponent.h */ = {isa = PBXFileReference; fileEncoding = 4; lastKnownFileType = sourcecode.c.h; path = MotionComponent.h; sourceTree = "<group>"; };
		FD1B17711BC3D3C70015E684 /* GravityComponent.h */ = {isa = PBXFileReference; fileEncoding = 4; lastKnownFileType = sourcecode.c.h; path = GravityComponent.h; sourceTree = "<group>"; };
		FD1B17731BC3D7910015E684 /* MotionController.cpp */ = {isa = PBXFileReference; fileEncoding = 4; lastKnownFileType = sourcecode.cpp.cpp; path = MotionController.cpp; sourceTree = "<group>"; };
		FD1B17741BC3D7910015E684 /* MotionController.h */ = {isa = PBXFileReference; fileEncoding = 4; lastKnownFileType = sourcecode.c.h; path = MotionController.h; sourceTree = "<group>"; };
		FD1B1C6E1BC40AEB0015E684 /* JumpingComponent.h */ = {isa = PBXFileReference; fileEncoding = 4; lastKnownFileType = sourcecode.c.h; path = JumpingComponent.h; sourceTree = "<group>"; };
/* End PBXFileReference section */

/* Begin PBXFrameworksBuildPhase section */
		1D60588F0D05DD3D006BFB54 /* Frameworks */ = {
			isa = PBXFrameworksBuildPhase;
			buildActionMask = 2147483647;
			files = (
				ED545A7C1B68A1F400C3958E /* libiconv.dylib in Frameworks */,
				52B47A471A53D09C004E4C60 /* Security.framework in Frameworks */,
				1AC6FB30180E99EB004C840B /* libcocos2d iOS.a in Frameworks */,
				D6B0611B1803AB670077942B /* CoreMotion.framework in Frameworks */,
				1D60589F0D05DD5A006BFB54 /* Foundation.framework in Frameworks */,
				1DF5F4E00D08C38300B7A737 /* UIKit.framework in Frameworks */,
				288765A50DF7441C002DB57D /* CoreGraphics.framework in Frameworks */,
				BF171245129291EC00B8313A /* OpenGLES.framework in Frameworks */,
				BF1712471292920000B8313A /* libz.dylib in Frameworks */,
				BF1C47F01293687400B63C5D /* QuartzCore.framework in Frameworks */,
				D44C620C132DFF330009C878 /* OpenAL.framework in Frameworks */,
				D44C620E132DFF430009C878 /* AVFoundation.framework in Frameworks */,
				D44C6210132DFF4E0009C878 /* AudioToolbox.framework in Frameworks */,
			);
			runOnlyForDeploymentPostprocessing = 0;
		};
		5087E75C17EB910900C73F5D /* Frameworks */ = {
			isa = PBXFrameworksBuildPhase;
			buildActionMask = 2147483647;
			files = (
				ED545A7E1B68A1FA00C3958E /* libiconv.dylib in Frameworks */,
				1AC6FB21180E996B004C840B /* libcocos2d Mac.a in Frameworks */,
				5087E76717EB910900C73F5D /* libz.dylib in Frameworks */,
				8262943E1AAF051F00CB7CF7 /* Security.framework in Frameworks */,
				503AE11B17EB9C5A00D1A890 /* IOKit.framework in Frameworks */,
				5087E78B17EB975400C73F5D /* OpenGL.framework in Frameworks */,
				5087E78917EB974C00C73F5D /* AppKit.framework in Frameworks */,
				5087E76317EB910900C73F5D /* Foundation.framework in Frameworks */,
				5087E76817EB910900C73F5D /* QuartzCore.framework in Frameworks */,
				5087E76917EB910900C73F5D /* OpenAL.framework in Frameworks */,
				5087E76A17EB910900C73F5D /* AVFoundation.framework in Frameworks */,
				5087E76B17EB910900C73F5D /* AudioToolbox.framework in Frameworks */,
			);
			runOnlyForDeploymentPostprocessing = 0;
		};
/* End PBXFrameworksBuildPhase section */

/* Begin PBXGroup section */
		080E96DDFE201D6D7F000001 /* ios */ = {
			isa = PBXGroup;
			children = (
				5087E77117EB970100C73F5D /* Icons */,
				503AE0FA17EB989F00D1A890 /* AppController.h */,
				503AE0FB17EB989F00D1A890 /* AppController.mm */,
				503AE0FC17EB989F00D1A890 /* main.m */,
				503AE0FD17EB989F00D1A890 /* Prefix.pch */,
				503AE0FE17EB989F00D1A890 /* RootViewController.h */,
				503AE0FF17EB989F00D1A890 /* RootViewController.mm */,
			);
			name = ios;
			path = Classes;
			sourceTree = "<group>";
		};
		19C28FACFE9D520D11CA2CBB /* Products */ = {
			isa = PBXGroup;
			children = (
				1D6058910D05DD3D006BFB54 /* cppTests-mobile.app */,
				5087E76F17EB910900C73F5D /* cppTests-desktop.app */,
			);
			name = Products;
			sourceTree = "<group>";
		};
		1AC6FAE6180E9839004C840B /* Products */ = {
			isa = PBXGroup;
			children = (
				1AC6FAF9180E9839004C840B /* libcocos2d Mac.a */,
				1AC6FB07180E9839004C840B /* libcocos2d iOS.a */,
			);
			name = Products;
			sourceTree = "<group>";
		};
		29B97314FDCFA39411CA2CEA /* CustomTemplate */ = {
			isa = PBXGroup;
			children = (
				D43B38791BF28F0F002B2C52 /* spine */,
				46880B8319C43A87006E1F66 /* Classes */,
				46880B7519C43A67006E1F66 /* Resources */,
				1AC6FAE5180E9839004C840B /* cocos2d_libs.xcodeproj */,
				29B97323FDCFA39411CA2CEA /* Frameworks */,
				080E96DDFE201D6D7F000001 /* ios */,
				503AE10617EB990700D1A890 /* mac */,
				19C28FACFE9D520D11CA2CBB /* Products */,
			);
			name = CustomTemplate;
			sourceTree = "<group>";
		};
		29B97323FDCFA39411CA2CEA /* Frameworks */ = {
			isa = PBXGroup;
			children = (
				ED545A7D1B68A1FA00C3958E /* libiconv.dylib */,
				ED545A7B1B68A1F400C3958E /* libiconv.dylib */,
				8262943D1AAF051F00CB7CF7 /* Security.framework */,
				52B47A461A53D09B004E4C60 /* Security.framework */,
				D6B0611A1803AB670077942B /* CoreMotion.framework */,
				503AE11A17EB9C5A00D1A890 /* IOKit.framework */,
				503AE11117EB99EE00D1A890 /* libcurl.dylib */,
				5087E78A17EB975400C73F5D /* OpenGL.framework */,
				5087E78817EB974C00C73F5D /* AppKit.framework */,
				1ACB3243164770DE00914215 /* libcurl.a */,
				BF170DB412928DE900B8313A /* libz.dylib */,
				D44C620F132DFF4E0009C878 /* AudioToolbox.framework */,
				D44C620D132DFF430009C878 /* AVFoundation.framework */,
				288765A40DF7441C002DB57D /* CoreGraphics.framework */,
				1D30AB110D05D00D00671497 /* Foundation.framework */,
				D44C620B132DFF330009C878 /* OpenAL.framework */,
				BF170DB012928DE900B8313A /* OpenGLES.framework */,
				BF1C47EA1293683800B63C5D /* QuartzCore.framework */,
				1DF5F4DF0D08C38300B7A737 /* UIKit.framework */,
			);
			name = Frameworks;
			sourceTree = "<group>";
		};
		46880B7519C43A67006E1F66 /* Resources */ = {
			isa = PBXGroup;
			children = (
				521A8EA819F11F5000D177D7 /* fonts */,
				3EACC98E19EE6D4300EB3C5E /* res */,
			);
			name = Resources;
			path = ../Resources;
			sourceTree = "<group>";
		};
		46880B8319C43A87006E1F66 /* Classes */ = {
			isa = PBXGroup;
			children = (
				D45909311BB4C6EF00D43BD5 /* Managers */,
				D45909351BB4C81100D43BD5 /* Entities */,
				D45909391BB4C8D300D43BD5 /* Components */,
				D45909401BB62D3900D43BD5 /* Storages */,
				D45909501BB6C8E300D43BD5 /* Controllers */,
				A40919F01BD1D1A80009346B /* Scenes */,
				46880B8419C43A87006E1F66 /* AppDelegate.cpp */,
				46880B8519C43A87006E1F66 /* AppDelegate.h */,
				A40919EC1BD1CC7D0009346B /* GameStateManager.cpp */,
				A40919ED1BD1CC7D0009346B /* GameStateManager.h */,
			);
			name = Classes;
			path = ../Classes;
			sourceTree = "<group>";
		};
		503AE0F517EB97AB00D1A890 /* Icons */ = {
			isa = PBXGroup;
			children = (
				503AE0F617EB97AB00D1A890 /* Icon.icns */,
				503AE0F717EB97AB00D1A890 /* Info.plist */,
			);
			name = Icons;
			path = mac;
			sourceTree = SOURCE_ROOT;
		};
		503AE10617EB990700D1A890 /* mac */ = {
			isa = PBXGroup;
			children = (
				503AE0F517EB97AB00D1A890 /* Icons */,
				503AE10317EB98FF00D1A890 /* main.cpp */,
				503AE10417EB98FF00D1A890 /* Prefix.pch */,
			);
			name = mac;
			sourceTree = "<group>";
		};
		5087E77117EB970100C73F5D /* Icons */ = {
			isa = PBXGroup;
			children = (
				521A8E6219F0C34300D177D7 /* Default-667h@2x.png */,
				521A8E6319F0C34300D177D7 /* Default-736h@3x.png */,
				5087E77217EB970100C73F5D /* Default-568h@2x.png */,
				5087E77317EB970100C73F5D /* Default.png */,
				5087E77417EB970100C73F5D /* Default@2x.png */,
				50EF62A017ECD613001EB2F8 /* Icon-29.png */,
				50EF62A117ECD613001EB2F8 /* Icon-50.png */,
				50EF629217ECD46A001EB2F8 /* Icon-40.png */,
				50EF629317ECD46A001EB2F8 /* Icon-58.png */,
				50EF629417ECD46A001EB2F8 /* Icon-80.png */,
				50EF629517ECD46A001EB2F8 /* Icon-100.png */,
				5087E77517EB970100C73F5D /* Icon-114.png */,
				5087E77617EB970100C73F5D /* Icon-120.png */,
				5087E77717EB970100C73F5D /* Icon-144.png */,
				5087E77817EB970100C73F5D /* Icon-152.png */,
				5087E77917EB970100C73F5D /* Icon-57.png */,
				5087E77A17EB970100C73F5D /* Icon-72.png */,
				5087E77B17EB970100C73F5D /* Icon-76.png */,
				5087E77C17EB970100C73F5D /* Info.plist */,
			);
			name = Icons;
			path = ios;
			sourceTree = SOURCE_ROOT;
		};
		A40919F01BD1D1A80009346B /* Scenes */ = {
			isa = PBXGroup;
			children = (
				A40919F11BD1D1CC0009346B /* PlayingScene.cpp */,
				A40919F21BD1D1CC0009346B /* PlayingScene.h */,
			);
			name = Scenes;
			sourceTree = "<group>";
		};
		A4EBA6C91BC70978001F8DC8 /* concerns */ = {
			isa = PBXGroup;
			children = (
				A4EBA6CB1BC709B8001F8DC8 /* State.h */,
			);
			name = concerns;
			sourceTree = "<group>";
		};
		D45909311BB4C6EF00D43BD5 /* Managers */ = {
			isa = PBXGroup;
			children = (
				D45909321BB4C72F00D43BD5 /* EntityManager.cpp */,
				D45909331BB4C72F00D43BD5 /* EntityManager.h */,
			);
			name = Managers;
			sourceTree = "<group>";
		};
		D45909351BB4C81100D43BD5 /* Entities */ = {
			isa = PBXGroup;
			children = (
				D459094B1BB6AEC500D43BD5 /* Entity.h */,
				A40919DB1BCB30280009346B /* PlayerEntity.cpp */,
				A40919DC1BCB30280009346B /* PlayerEntity.h */,
				A40919DF1BCB34B60009346B /* StoneEntity.cpp */,
				A40919E01BCB34B60009346B /* StoneEntity.h */,
				A40919E31BCFF3750009346B /* BrickEntity.cpp */,
				A40919E41BCFF3750009346B /* BrickEntity.h */,
			);
			name = Entities;
			sourceTree = "<group>";
		};
		D45909391BB4C8D300D43BD5 /* Components */ = {
			isa = PBXGroup;
			children = (
				A4EBA6C91BC70978001F8DC8 /* concerns */,
				A4640B391BE655AC00C235F7 /* AnimationComponent.cpp */,
				A4640B3A1BE655AC00C235F7 /* AnimationComponent.h */,
				A40919F61BE2D4550009346B /* RenderComponent.cpp */,
				D45909551BB77A3C00D43BD5 /* RenderComponent.h */,
				D45909641BB864A500D43BD5 /* ControlsComponent.h */,
				A4EBA6D11BC8FED9001F8DC8 /* MainComponent.cpp */,
				D459093B1BB4C8F400D43BD5 /* MainComponent.h */,
				D47BEB721BC4523B00474F2F /* ActiveCollisionComponent.h */,
				D47BEB761BC4529B00474F2F /* PassiveCollisionComponent.h */,
				FD1B176B1BC3D3850015E684 /* PositionComponent.h */,
				D43EC5C41BD690380083A084 /* DragComponent.h */,
				D43EC5C81BD6910F0083A084 /* DropComponent.h */,
				D43EC5CB1BD6915E0083A084 /* DndComponent.cpp */,
				D43EC5CC1BD6915E0083A084 /* DndComponent.h */,
				FD1B176E1BC3D3AA0015E684 /* MotionComponent.h */,
				FD1B17711BC3D3C70015E684 /* GravityComponent.h */,
				A4EBA6CE1BC8F76C001F8DC8 /* JumpingComponent.cpp */,
				FD1B1C6E1BC40AEB0015E684 /* JumpingComponent.h */,
				A4EBA6B51BC44F34001F8DC8 /* RangedAttackComponent.h */,
			);
			name = Components;
			sourceTree = "<group>";
		};
		D45909401BB62D3900D43BD5 /* Storages */ = {
			isa = PBXGroup;
			children = (
				D459094D1BB6C69E00D43BD5 /* ImageStorage.cpp */,
				D459094E1BB6C69E00D43BD5 /* ImageStorage.h */,
				D476D0FE1BBF52D300762A8A /* MapStorage.cpp */,
				D476D0FF1BBF52D300762A8A /* MapStorage.h */,
			);
			name = Storages;
			sourceTree = "<group>";
		};
		D45909501BB6C8E300D43BD5 /* Controllers */ = {
			isa = PBXGroup;
			children = (
				D45909601BB8623800D43BD5 /* UserActionsController.cpp */,
				D45909611BB8623800D43BD5 /* UserActionsController.h */,
				D47BEB791BC452C500474F2F /* CollisionController.cpp */,
				D47BEB7A1BC452C500474F2F /* CollisionController.h */,
				D45909571BB7817700D43BD5 /* RenderController.cpp */,
				D45909581BB7817700D43BD5 /* RenderController.h */,
				D43EC5CF1BD691BF0083A084 /* DndController.cpp */,
				D43EC5D01BD691BF0083A084 /* DndController.h */,
				FD1B17731BC3D7910015E684 /* MotionController.cpp */,
				FD1B17741BC3D7910015E684 /* MotionController.h */,
				A4EBA6B81BC45EC1001F8DC8 /* RangedAttackController.cpp */,
				A4EBA6B91BC45EC1001F8DC8 /* RangedAttackController.h */,
			);
			name = Controllers;
			sourceTree = "<group>";
		};
/* End PBXGroup section */

/* Begin PBXNativeTarget section */
		1D6058900D05DD3D006BFB54 /* cppTests-mobile */ = {
			isa = PBXNativeTarget;
			buildConfigurationList = 1D6058960D05DD3E006BFB54 /* Build configuration list for PBXNativeTarget "cppTests-mobile" */;
			buildPhases = (
				1D60588D0D05DD3D006BFB54 /* Resources */,
				1D60588E0D05DD3D006BFB54 /* Sources */,
				1D60588F0D05DD3D006BFB54 /* Frameworks */,
			);
			buildRules = (
			);
			dependencies = (
				1AC6FB25180E99E1004C840B /* PBXTargetDependency */,
			);
			name = "cppTests-mobile";
			productName = iphone;
			productReference = 1D6058910D05DD3D006BFB54 /* cppTests-mobile.app */;
			productType = "com.apple.product-type.application";
		};
		5087E73D17EB910900C73F5D /* cppTests-desktop */ = {
			isa = PBXNativeTarget;
			buildConfigurationList = 5087E76C17EB910900C73F5D /* Build configuration list for PBXNativeTarget "cppTests-desktop" */;
			buildPhases = (
				5087E74817EB910900C73F5D /* Resources */,
				5087E75617EB910900C73F5D /* Sources */,
				5087E75C17EB910900C73F5D /* Frameworks */,
			);
			buildRules = (
			);
			dependencies = (
				1AC6FB16180E9959004C840B /* PBXTargetDependency */,
			);
			name = "cppTests-desktop";
			productName = iphone;
			productReference = 5087E76F17EB910900C73F5D /* cppTests-desktop.app */;
			productType = "com.apple.product-type.application";
		};
/* End PBXNativeTarget section */

/* Begin PBXProject section */
		29B97313FDCFA39411CA2CEA /* Project object */ = {
			isa = PBXProject;
			attributes = {
				LastUpgradeCheck = 0700;
			};
			buildConfigurationList = C01FCF4E08A954540054247B /* Build configuration list for PBXProject "cppTests" */;
			compatibilityVersion = "Xcode 3.2";
			developmentRegion = English;
			hasScannedForEncodings = 1;
			knownRegions = (
				English,
				Japanese,
				French,
				German,
			);
			mainGroup = 29B97314FDCFA39411CA2CEA /* CustomTemplate */;
			projectDirPath = "";
			projectReferences = (
				{
					ProductGroup = 1AC6FAE6180E9839004C840B /* Products */;
					ProjectRef = 1AC6FAE5180E9839004C840B /* cocos2d_libs.xcodeproj */;
				},
			);
			projectRoot = "";
			targets = (
				1D6058900D05DD3D006BFB54 /* cppTests-mobile */,
				5087E73D17EB910900C73F5D /* cppTests-desktop */,
			);
		};
/* End PBXProject section */

/* Begin PBXReferenceProxy section */
		1AC6FAF9180E9839004C840B /* libcocos2d Mac.a */ = {
			isa = PBXReferenceProxy;
			fileType = archive.ar;
			path = "libcocos2d Mac.a";
			remoteRef = 1AC6FAF8180E9839004C840B /* PBXContainerItemProxy */;
			sourceTree = BUILT_PRODUCTS_DIR;
		};
		1AC6FB07180E9839004C840B /* libcocos2d iOS.a */ = {
			isa = PBXReferenceProxy;
			fileType = archive.ar;
			path = "libcocos2d iOS.a";
			remoteRef = 1AC6FB06180E9839004C840B /* PBXContainerItemProxy */;
			sourceTree = BUILT_PRODUCTS_DIR;
		};
/* End PBXReferenceProxy section */

/* Begin PBXResourcesBuildPhase section */
		1D60588D0D05DD3D006BFB54 /* Resources */ = {
			isa = PBXResourcesBuildPhase;
			buildActionMask = 2147483647;
			files = (
				5087E78117EB970100C73F5D /* Icon-120.png in Resources */,
				5087E78617EB970100C73F5D /* Icon-76.png in Resources */,
				5087E77F17EB970100C73F5D /* Default@2x.png in Resources */,
				50EF629917ECD46A001EB2F8 /* Icon-100.png in Resources */,
				5087E78317EB970100C73F5D /* Icon-152.png in Resources */,
				5087E77D17EB970100C73F5D /* Default-568h@2x.png in Resources */,
				5087E78517EB970100C73F5D /* Icon-72.png in Resources */,
				521A8E6519F0C34300D177D7 /* Default-736h@3x.png in Resources */,
				521A8EA919F11F5000D177D7 /* fonts in Resources */,
				50EF62A317ECD613001EB2F8 /* Icon-50.png in Resources */,
				5087E78017EB970100C73F5D /* Icon-114.png in Resources */,
				50EF62A217ECD613001EB2F8 /* Icon-29.png in Resources */,
				50EF629617ECD46A001EB2F8 /* Icon-40.png in Resources */,
				5087E78217EB970100C73F5D /* Icon-144.png in Resources */,
				3EACC98F19EE6D4300EB3C5E /* res in Resources */,
				50EF629817ECD46A001EB2F8 /* Icon-80.png in Resources */,
				5087E78417EB970100C73F5D /* Icon-57.png in Resources */,
				5087E77E17EB970100C73F5D /* Default.png in Resources */,
				D43B387A1BF28F0F002B2C52 /* spine in Resources */,
				521A8E6419F0C34300D177D7 /* Default-667h@2x.png in Resources */,
				50EF629717ECD46A001EB2F8 /* Icon-58.png in Resources */,
			);
			runOnlyForDeploymentPostprocessing = 0;
		};
		5087E74817EB910900C73F5D /* Resources */ = {
			isa = PBXResourcesBuildPhase;
			buildActionMask = 2147483647;
			files = (
				503AE0F817EB97AB00D1A890 /* Icon.icns in Resources */,
				3EACC99019EE6D4300EB3C5E /* res in Resources */,
				521A8EAA19F11F5000D177D7 /* fonts in Resources */,
			);
			runOnlyForDeploymentPostprocessing = 0;
		};
/* End PBXResourcesBuildPhase section */

/* Begin PBXSourcesBuildPhase section */
		1D60588E0D05DD3D006BFB54 /* Sources */ = {
			isa = PBXSourcesBuildPhase;
			buildActionMask = 2147483647;
			files = (
				D43EC5D31BD70A1C0083A084 /* DropComponent.h in Sources */,
				A40919F71BE2D4550009346B /* RenderComponent.cpp in Sources */,
				FD1B17761BC3E3930015E684 /* EntityManager.cpp in Sources */,
				FD1B17771BC3E3930015E684 /* EntityManager.h in Sources */,
				FD1B177B1BC3E3930015E684 /* RenderComponent.h in Sources */,
				FD1B177F1BC3E3930015E684 /* ControlsComponent.h in Sources */,
				A4640B3B1BE655AC00C235F7 /* AnimationComponent.cpp in Sources */,
				A40919DD1BCB30280009346B /* PlayerEntity.cpp in Sources */,
				A40919EE1BD1CC7D0009346B /* GameStateManager.cpp in Sources */,
				FD1B17811BC3E3930015E684 /* MainComponent.h in Sources */,
				FD1B17831BC3E3930015E684 /* PositionComponent.h in Sources */,
				FD1B17851BC3E3930015E684 /* MotionComponent.h in Sources */,
				FD1B17871BC3E3930015E684 /* GravityComponent.h in Sources */,
				D43EC5D11BD691BF0083A084 /* DndController.cpp in Sources */,
				D43EC5CD1BD6915E0083A084 /* DndComponent.cpp in Sources */,
				FD1B17881BC3E3930015E684 /* ImageStorage.cpp in Sources */,
				A40919F31BD1D1CC0009346B /* PlayingScene.cpp in Sources */,
				FD1B17891BC3E3930015E684 /* ImageStorage.h in Sources */,
				FD1B178A1BC3E3930015E684 /* MapStorage.cpp in Sources */,
				A40919E51BCFF3750009346B /* BrickEntity.cpp in Sources */,
				FD1B178B1BC3E3930015E684 /* MapStorage.h in Sources */,
				FD1B178E1BC3E3930015E684 /* UserActionsController.cpp in Sources */,
				D47BEB7B1BC452C500474F2F /* CollisionController.cpp in Sources */,
				FD1B178F1BC3E3930015E684 /* UserActionsController.h in Sources */,
				FD1B17901BC3E3930015E684 /* RenderController.cpp in Sources */,
				FD1B17911BC3E3930015E684 /* RenderController.h in Sources */,
				FD1B17921BC3E3930015E684 /* MotionController.cpp in Sources */,
				A4EBA6BA1BC45EC1001F8DC8 /* RangedAttackController.cpp in Sources */,
				FD1B17931BC3E3930015E684 /* MotionController.h in Sources */,
				FD1B17941BC3E3930015E684 /* AppDelegate.cpp in Sources */,
				FD1B17951BC3E3930015E684 /* AppDelegate.h in Sources */,
				A4EBA6CF1BC8F76C001F8DC8 /* JumpingComponent.cpp in Sources */,
				A4EBA6D21BC8FED9001F8DC8 /* MainComponent.cpp in Sources */,
				A40919E11BCB34B60009346B /* StoneEntity.cpp in Sources */,
			);
			runOnlyForDeploymentPostprocessing = 0;
		};
		5087E75617EB910900C73F5D /* Sources */ = {
			isa = PBXSourcesBuildPhase;
			buildActionMask = 2147483647;
			files = (
				D47BEB7C1BC452C500474F2F /* CollisionController.cpp in Sources */,
				FD1B1C631BC3F6CA0015E684 /* ImageStorage.cpp in Sources */,
				FD1B1C601BC3F6C00015E684 /* UserActionsController.cpp in Sources */,
				46880B8919C43A87006E1F66 /* AppDelegate.cpp in Sources */,
				FD1B1C621BC3F6C70015E684 /* MapStorage.cpp in Sources */,
				A4EBA6BB1BC45EC1001F8DC8 /* RangedAttackController.cpp in Sources */,
				A4640B3C1BE655AC00C235F7 /* AnimationComponent.cpp in Sources */,
				503AE10517EB98FF00D1A890 /* main.cpp in Sources */,
				A40919F41BD1D1CC0009346B /* PlayingScene.cpp in Sources */,
				A4EBA6D01BC8F76C001F8DC8 /* JumpingComponent.cpp in Sources */,
				A40919E61BCFF3750009346B /* BrickEntity.cpp in Sources */,
				A40919E21BCB34B60009346B /* StoneEntity.cpp in Sources */,
				FD1B1C6C1BC3F6E20015E684 /* EntityManager.cpp in Sources */,
				A40919DE1BCB30280009346B /* PlayerEntity.cpp in Sources */,
				A40919EF1BD1CC7D0009346B /* GameStateManager.cpp in Sources */,
				D43EC5D21BD691BF0083A084 /* DndController.cpp in Sources */,
				FD1B1C5F1BC3F6BB0015E684 /* RenderController.cpp in Sources */,
				FD1B1C5E1BC3F6B70015E684 /* MotionController.cpp in Sources */,
				D43EC5CE1BD6915E0083A084 /* DndComponent.cpp in Sources */,
				A4EBA6D31BC8FED9001F8DC8 /* MainComponent.cpp in Sources */,
				A40919F81BE2D4550009346B /* RenderComponent.cpp in Sources */,
			);
			runOnlyForDeploymentPostprocessing = 0;
		};
/* End PBXSourcesBuildPhase section */

/* Begin PBXTargetDependency section */
		1AC6FB16180E9959004C840B /* PBXTargetDependency */ = {
			isa = PBXTargetDependency;
			name = "cocos2dx Mac";
			targetProxy = 1AC6FB15180E9959004C840B /* PBXContainerItemProxy */;
		};
		1AC6FB25180E99E1004C840B /* PBXTargetDependency */ = {
			isa = PBXTargetDependency;
			name = "cocos2dx iOS";
			targetProxy = 1AC6FB24180E99E1004C840B /* PBXContainerItemProxy */;
		};
/* End PBXTargetDependency section */

/* Begin XCBuildConfiguration section */
		1D6058940D05DD3E006BFB54 /* Debug */ = {
			isa = XCBuildConfiguration;
			buildSettings = {
				ALWAYS_SEARCH_USER_PATHS = YES;
				CODE_SIGN_IDENTITY = "iPhone Developer";
				COMPRESS_PNG_FILES = NO;
				GCC_DYNAMIC_NO_PIC = NO;
				GCC_INLINES_ARE_PRIVATE_EXTERN = NO;
				GCC_PRECOMPILE_PREFIX_HEADER = YES;
				GCC_PREFIX_HEADER = ios/Prefix.pch;
				GCC_PREPROCESSOR_DEFINITIONS = (
					USE_FILE32API,
					CC_TARGET_OS_IPHONE,
					"COCOS2D_DEBUG=1",
					"CC_ENABLE_CHIPMUNK_INTEGRATION=1",
				);
				GCC_SYMBOLS_PRIVATE_EXTERN = NO;
				HEADER_SEARCH_PATHS = (
					"$(inherited)",
					"$(SRCROOT)/../cocos2d/cocos/platform/ios",
					"$(SRCROOT)/../cocos2d/cocos/platform/ios/Simulation",
				);
				INFOPLIST_FILE = ios/Info.plist;
				IPHONEOS_DEPLOYMENT_TARGET = 5.0;
				LIBRARY_SEARCH_PATHS = "";
				OTHER_LDFLAGS = (
					"$(_COCOS_LIB_IOS_BEGIN)",
					"$(_COCOS_LIB_IOS_END)",
				);
				PRODUCT_BUNDLE_IDENTIFIER = cppTest1;
				SDKROOT = iphoneos;
				TARGETED_DEVICE_FAMILY = "1,2";
				USER_HEADER_SEARCH_PATHS = "$(_COCOS_HEADER_IOS_BEGIN) $(_COCOS_HEADER_IOS_END)";
				VALID_ARCHS = "arm64 armv7";
			};
			name = Debug;
		};
		1D6058950D05DD3E006BFB54 /* Release */ = {
			isa = XCBuildConfiguration;
			buildSettings = {
				ALWAYS_SEARCH_USER_PATHS = YES;
				CODE_SIGN_IDENTITY = "iPhone Developer";
				COMPRESS_PNG_FILES = NO;
				GCC_INLINES_ARE_PRIVATE_EXTERN = NO;
				GCC_PRECOMPILE_PREFIX_HEADER = YES;
				GCC_PREFIX_HEADER = ios/Prefix.pch;
				GCC_PREPROCESSOR_DEFINITIONS = (
					USE_FILE32API,
					CC_TARGET_OS_IPHONE,
					"CC_ENABLE_CHIPMUNK_INTEGRATION=1",
				);
				GCC_SYMBOLS_PRIVATE_EXTERN = NO;
				HEADER_SEARCH_PATHS = (
					"$(inherited)",
					"$(SRCROOT)/../cocos2d/cocos/platform/ios",
					"$(SRCROOT)/../cocos2d/cocos/platform/ios/Simulation",
				);
				INFOPLIST_FILE = ios/Info.plist;
				IPHONEOS_DEPLOYMENT_TARGET = 5.0;
				LIBRARY_SEARCH_PATHS = "";
				OTHER_LDFLAGS = (
					"$(_COCOS_LIB_IOS_BEGIN)",
					"$(_COCOS_LIB_IOS_END)",
				);
				PRODUCT_BUNDLE_IDENTIFIER = cppTest1;
				SDKROOT = iphoneos;
				TARGETED_DEVICE_FAMILY = "1,2";
				USER_HEADER_SEARCH_PATHS = "$(_COCOS_HEADER_IOS_BEGIN) $(_COCOS_HEADER_IOS_END)";
				VALID_ARCHS = "arm64 armv7";
			};
			name = Release;
		};
		5087E76D17EB910900C73F5D /* Debug */ = {
			isa = XCBuildConfiguration;
			buildSettings = {
				ALWAYS_SEARCH_USER_PATHS = YES;
				CLANG_CXX_LANGUAGE_STANDARD = "c++0x";
				CLANG_CXX_LIBRARY = "libc++";
				COMBINE_HIDPI_IMAGES = YES;
				GCC_DYNAMIC_NO_PIC = NO;
				GCC_INLINES_ARE_PRIVATE_EXTERN = NO;
				GCC_PRECOMPILE_PREFIX_HEADER = YES;
				GCC_PREFIX_HEADER = mac/Prefix.pch;
				GCC_PREPROCESSOR_DEFINITIONS = (
					USE_FILE32API,
					CC_TARGET_OS_MAC,
					"COCOS2D_DEBUG=1",
					"CC_ENABLE_CHIPMUNK_INTEGRATION=1",
				);
				GCC_SYMBOLS_PRIVATE_EXTERN = NO;
				HEADER_SEARCH_PATHS = (
					"$(inherited)",
					"$(SRCROOT)/../cocos2d/cocos/platform/mac",
					"$(SRCROOT)/../cocos2d/external/glfw3/include/mac",
				);
				INFOPLIST_FILE = mac/Info.plist;
				LIBRARY_SEARCH_PATHS = "";
				OTHER_LDFLAGS = (
					"$(_COCOS_LIB_MAC_BEGIN)",
					"$(_COCOS_LIB_MAC_END)",
				);
				PRODUCT_BUNDLE_IDENTIFIER = cppTest1;
				USER_HEADER_SEARCH_PATHS = "$(_COCOS_HEADER_MAC_BEGIN) $(_COCOS_HEADER_MAC_END)";
			};
			name = Debug;
		};
		5087E76E17EB910900C73F5D /* Release */ = {
			isa = XCBuildConfiguration;
			buildSettings = {
				ALWAYS_SEARCH_USER_PATHS = YES;
				CLANG_CXX_LANGUAGE_STANDARD = "c++0x";
				CLANG_CXX_LIBRARY = "libc++";
				COMBINE_HIDPI_IMAGES = YES;
				GCC_INLINES_ARE_PRIVATE_EXTERN = NO;
				GCC_PRECOMPILE_PREFIX_HEADER = YES;
				GCC_PREFIX_HEADER = mac/Prefix.pch;
				GCC_PREPROCESSOR_DEFINITIONS = (
					USE_FILE32API,
					CC_TARGET_OS_MAC,
					"CC_ENABLE_CHIPMUNK_INTEGRATION=1",
				);
				GCC_SYMBOLS_PRIVATE_EXTERN = NO;
				HEADER_SEARCH_PATHS = (
					"$(inherited)",
					"$(SRCROOT)/../cocos2d/cocos/platform/mac",
					"$(SRCROOT)/../cocos2d/external/glfw3/include/mac",
				);
				INFOPLIST_FILE = mac/Info.plist;
				LIBRARY_SEARCH_PATHS = "";
				OTHER_LDFLAGS = (
					"$(_COCOS_LIB_MAC_BEGIN)",
					"$(_COCOS_LIB_MAC_END)",
				);
				PRODUCT_BUNDLE_IDENTIFIER = cppTest1;
				USER_HEADER_SEARCH_PATHS = "$(_COCOS_HEADER_MAC_BEGIN) $(_COCOS_HEADER_MAC_END)";
			};
			name = Release;
		};
		C01FCF4F08A954540054247B /* Debug */ = {
			isa = XCBuildConfiguration;
			buildSettings = {
				CLANG_CXX_LANGUAGE_STANDARD = "c++0x";
				CLANG_CXX_LIBRARY = "libc++";
				COPY_PHASE_STRIP = NO;
				ENABLE_TESTABILITY = YES;
				GCC_OPTIMIZATION_LEVEL = 0;
				GCC_WARN_ABOUT_RETURN_TYPE = YES;
				GCC_WARN_UNUSED_VARIABLE = YES;
				HEADER_SEARCH_PATHS = (
					"$(SRCROOT)/../cocos2d",
					"$(SRCROOT)/../cocos2d/cocos",
					"$(SRCROOT)/../cocos2d/cocos/base",
					"$(SRCROOT)/../cocos2d/cocos/physics",
					"$(SRCROOT)/../cocos2d/cocos/math",
					"$(SRCROOT)/../cocos2d/cocos/2d",
					"$(SRCROOT)/../cocos2d/cocos/ui",
					"$(SRCROOT)/../cocos2d/cocos/network",
					"$(SRCROOT)/../cocos2d/cocos/audio/include",
					"$(SRCROOT)/../cocos2d/cocos/editor-support",
					"$(SRCROOT)/../cocos2d/extensions",
					"$(SRCROOT)/../cocos2d/external",
					"$(SRCROOT)/../cocos2d/external/chipmunk/include/chipmunk",
				);
				MACOSX_DEPLOYMENT_TARGET = 10.7;
				ONLY_ACTIVE_ARCH = YES;
				PRODUCT_NAME = "$(TARGET_NAME)";
				SDKROOT = macosx;
			};
			name = Debug;
		};
		C01FCF5008A954540054247B /* Release */ = {
			isa = XCBuildConfiguration;
			buildSettings = {
				CLANG_CXX_LANGUAGE_STANDARD = "c++0x";
				CLANG_CXX_LIBRARY = "libc++";
				GCC_WARN_ABOUT_RETURN_TYPE = YES;
				GCC_WARN_UNUSED_VARIABLE = YES;
				HEADER_SEARCH_PATHS = (
					"$(SRCROOT)/../cocos2d",
					"$(SRCROOT)/../cocos2d/cocos",
					"$(SRCROOT)/../cocos2d/cocos/base",
					"$(SRCROOT)/../cocos2d/cocos/physics",
					"$(SRCROOT)/../cocos2d/cocos/math",
					"$(SRCROOT)/../cocos2d/cocos/2d",
					"$(SRCROOT)/../cocos2d/cocos/ui",
					"$(SRCROOT)/../cocos2d/cocos/network",
					"$(SRCROOT)/../cocos2d/cocos/audio/include",
					"$(SRCROOT)/../cocos2d/cocos/editor-support",
					"$(SRCROOT)/../cocos2d/extensions",
					"$(SRCROOT)/../cocos2d/external",
					"$(SRCROOT)/../cocos2d/external/chipmunk/include/chipmunk",
				);
				MACOSX_DEPLOYMENT_TARGET = 10.7;
				ONLY_ACTIVE_ARCH = NO;
				OTHER_CFLAGS = "-DNS_BLOCK_ASSERTIONS=1";
				PRODUCT_NAME = "$(TARGET_NAME)";
				SDKROOT = macosx;
				VALIDATE_PRODUCT = YES;
			};
			name = Release;
		};
/* End XCBuildConfiguration section */

/* Begin XCConfigurationList section */
		1D6058960D05DD3E006BFB54 /* Build configuration list for PBXNativeTarget "cppTests-mobile" */ = {
			isa = XCConfigurationList;
			buildConfigurations = (
				1D6058940D05DD3E006BFB54 /* Debug */,
				1D6058950D05DD3E006BFB54 /* Release */,
			);
			defaultConfigurationIsVisible = 0;
			defaultConfigurationName = Debug;
		};
		5087E76C17EB910900C73F5D /* Build configuration list for PBXNativeTarget "cppTests-desktop" */ = {
			isa = XCConfigurationList;
			buildConfigurations = (
				5087E76D17EB910900C73F5D /* Debug */,
				5087E76E17EB910900C73F5D /* Release */,
			);
			defaultConfigurationIsVisible = 0;
			defaultConfigurationName = Debug;
		};
		C01FCF4E08A954540054247B /* Build configuration list for PBXProject "cppTests" */ = {
			isa = XCConfigurationList;
			buildConfigurations = (
				C01FCF4F08A954540054247B /* Debug */,
				C01FCF5008A954540054247B /* Release */,
			);
			defaultConfigurationIsVisible = 0;
			defaultConfigurationName = Debug;
		};
/* End XCConfigurationList section */
	};
	rootObject = 29B97313FDCFA39411CA2CEA /* Project object */;
}
